
Microsoft Visual Studio Solution File, Format Version 12.00
# Visual Studio Version 16
VisualStudioVersion = 16.0.31321.278
MinimumVisualStudioVersion = 10.0.40219.1
Project("{FAE04EC0-301F-11D3-BF4B-00C04F79EFBC}") = "DFJE", "DFJE\DFJE.csproj", "{D01BF2F3-4E48-4162-9FC5-E0776DC947F7}"
EndProject
Project("{9A19103F-16F7-4668-BE54-9A1E7A4F7556}") = "DuplicateFinder.Logic", "DFJE\DuplicateFinder.Logic\DuplicateFinder.Logic.csproj", "{E8E61678-14A8-4EC5-A1CA-623291D44851}"
EndProject
Global
	GlobalSection(SolutionConfigurationPlatforms) = preSolution
		Debug|Any CPU = Debug|Any CPU
		Release|Any CPU = Release|Any CPU
	EndGlobalSection
	GlobalSection(ProjectConfigurationPlatforms) = postSolution
		{D01BF2F3-4E48-4162-9FC5-E0776DC947F7}.Debug|Any CPU.ActiveCfg = Debug|Any CPU
		{D01BF2F3-4E48-4162-9FC5-E0776DC947F7}.Debug|Any CPU.Build.0 = Debug|Any CPU
		{D01BF2F3-4E48-4162-9FC5-E0776DC947F7}.Release|Any CPU.ActiveCfg = Release|Any CPU
		{D01BF2F3-4E48-4162-9FC5-E0776DC947F7}.Release|Any CPU.Build.0 = Release|Any CPU
		{E8E61678-14A8-4EC5-A1CA-623291D44851}.Debug|Any CPU.ActiveCfg = Debug|Any CPU
		{E8E61678-14A8-4EC5-A1CA-623291D44851}.Debug|Any CPU.Build.0 = Debug|Any CPU
		{E8E61678-14A8-4EC5-A1CA-623291D44851}.Release|Any CPU.ActiveCfg = Release|Any CPU
		{E8E61678-14A8-4EC5-A1CA-623291D44851}.Release|Any CPU.Build.0 = Release|Any CPU
	EndGlobalSection
	GlobalSection(SolutionProperties) = preSolution
		HideSolutionNode = FALSE
	EndGlobalSection
	GlobalSection(ExtensibilityGlobals) = postSolution
		SolutionGuid = {8300BE4B-DAF0-451B-B342-A345BCBA289B}
	EndGlobalSection
EndGlobal
